
Microsoft Visual Studio Solution File, Format Version 12.00
# Visual Studio 15
VisualStudioVersion = 15.0.28010.2019
MinimumVisualStudioVersion = 10.0.40219.1
Project("{FAE04EC0-301F-11D3-BF4B-00C04F79EFBC}") = "Lab01Khomenko", "Lab01Khomenko\Lab01Khomenko.csproj", "{82579228-F7DB-41DE-80C0-C2243514CADD}"
EndProject
Global
	GlobalSection(SolutionConfigurationPlatforms) = preSolution
		Debug|Any CPU = Debug|Any CPU
		Release|Any CPU = Release|Any CPU
	EndGlobalSection
	GlobalSection(ProjectConfigurationPlatforms) = postSolution
		{82579228-F7DB-41DE-80C0-C2243514CADD}.Debug|Any CPU.ActiveCfg = Debug|Any CPU
		{82579228-F7DB-41DE-80C0-C2243514CADD}.Debug|Any CPU.Build.0 = Debug|Any CPU
		{82579228-F7DB-41DE-80C0-C2243514CADD}.Release|Any CPU.ActiveCfg = Release|Any CPU
		{82579228-F7DB-41DE-80C0-C2243514CADD}.Release|Any CPU.Build.0 = Release|Any CPU
	EndGlobalSection
	GlobalSection(SolutionProperties) = preSolution
		HideSolutionNode = FALSE
	EndGlobalSection
	GlobalSection(ExtensibilityGlobals) = postSolution
		SolutionGuid = {462EE090-5883-462A-8396-021733B36B57}
	EndGlobalSection
EndGlobal
